{
  "name": "jsextenders-stats-plugin",
  "version": "0.0.1",
  "lockfileVersion": 3,
  "requires": true,
  "packages": {
    "": {
      "name": "jsextenders-stats-plugin",
      "version": "0.0.1",
      "license": "MIT",
      "dependencies": {
        "extenders": "^0.0.2",
        "simple-statistics": "^7.8.3"
      }
    },
    "node_modules/extenders": {
      "version": "0.0.2",
      "resolved": "https://registry.npmjs.org/extenders/-/extenders-0.0.2.tgz",
      "integrity": "sha512-0ihW5kad2kymWRf33vpZFyMdgtTRlyeWqWIgrkWzvyCaCAqFqsLmrm7j0ZgfG3w6nCAjKpLPm4P+pSt/Xhpjiw=="
    },
    "node_modules/simple-statistics": {
      "version": "7.8.3",
      "resolved": "https://registry.npmjs.org/simple-statistics/-/simple-statistics-7.8.3.tgz",
      "integrity": "sha512-JFvMY00t6SBGtwMuJ+nqgsx9ylkMiJ5JlK9bkj8AdvniIe5615wWQYkKHXe84XtSuc40G/tlrPu0A5/NlJvv8A==",
      "engines": {
        "node": "*"
      }
    }
  }
}
